github.com/imroc/biu v0.0.0-20170329141542-0376ce6761c0 h1:pkyNAS9IQiZgseFrdhZC4cloBo2k2O2Son/k+3NquwY=
github.com/imroc/biu v0.0.0-20170329141542-0376ce6761c0/go.mod h1:wscexmyH+oDXfQr1q8PAZUXfKnxCUcNm62D/M5Ec8Lw=
github.com/zhangpeihao/goamf v0.0.0-20140409082417-3ff2c19514a8 h1:r1JUI0wuHlgRb8jNd3zPBBkjUdrjpVKr8SdJWc8ntg8=
github.com/zhangpeihao/goamf v0.0.0-20140409082417-3ff2c19514a8/go.mod h1:RZd/IqzNpFANwOB9rVmsnAYpo/6KesK4PqrN1a5cRgg=
